
Microsoft Visual Studio Solution File, Format Version 12.00
# Visual Studio 14
VisualStudioVersion = 14.0.25420.1
MinimumVisualStudioVersion = 10.0.40219.1
Project("{FAE04EC0-301F-11D3-BF4B-00C04F79EFBC}") = "CardApps.prjCards.UnitTests", "CardApps.UnitTest\CardApps.prjCards.UnitTests.csproj", "{9EAF4CFC-DE3D-4290-B128-A6BA5C068FAF}"
EndProject
Project("{FAE04EC0-301F-11D3-BF4B-00C04F79EFBC}") = "CardApps.ConsoleApp", "CardsConsoleApp\CardApps.ConsoleApp.csproj", "{950D6A84-7B27-482F-A38D-18DE54D3FC1D}"
EndProject
Project("{FAE04EC0-301F-11D3-BF4B-00C04F79EFBC}") = "CardApps.Common", "CardApps.Common\CardApps.Common.csproj", "{C06A5EED-773A-45D2-BF28-44891723D1F4}"
EndProject
Project("{FAE04EC0-301F-11D3-BF4B-00C04F79EFBC}") = "CardApps.WindowsApp", "CardApps.WindowsApp\CardApps.WindowsApp.csproj", "{810B1146-E48B-471A-AABC-7F07213CDFE7}"
EndProject
Global
	GlobalSection(SolutionConfigurationPlatforms) = preSolution
		Debug|Any CPU = Debug|Any CPU
		Release|Any CPU = Release|Any CPU
	EndGlobalSection
	GlobalSection(ProjectConfigurationPlatforms) = postSolution
		{9EAF4CFC-DE3D-4290-B128-A6BA5C068FAF}.Debug|Any CPU.ActiveCfg = Debug|Any CPU
		{9EAF4CFC-DE3D-4290-B128-A6BA5C068FAF}.Debug|Any CPU.Build.0 = Debug|Any CPU
		{9EAF4CFC-DE3D-4290-B128-A6BA5C068FAF}.Release|Any CPU.ActiveCfg = Release|Any CPU
		{9EAF4CFC-DE3D-4290-B128-A6BA5C068FAF}.Release|Any CPU.Build.0 = Release|Any CPU
		{950D6A84-7B27-482F-A38D-18DE54D3FC1D}.Debug|Any CPU.ActiveCfg = Debug|Any CPU
		{950D6A84-7B27-482F-A38D-18DE54D3FC1D}.Debug|Any CPU.Build.0 = Debug|Any CPU
		{950D6A84-7B27-482F-A38D-18DE54D3FC1D}.Release|Any CPU.ActiveCfg = Release|Any CPU
		{950D6A84-7B27-482F-A38D-18DE54D3FC1D}.Release|Any CPU.Build.0 = Release|Any CPU
		{C06A5EED-773A-45D2-BF28-44891723D1F4}.Debug|Any CPU.ActiveCfg = Debug|Any CPU
		{C06A5EED-773A-45D2-BF28-44891723D1F4}.Debug|Any CPU.Build.0 = Debug|Any CPU
		{C06A5EED-773A-45D2-BF28-44891723D1F4}.Release|Any CPU.ActiveCfg = Release|Any CPU
		{C06A5EED-773A-45D2-BF28-44891723D1F4}.Release|Any CPU.Build.0 = Release|Any CPU
		{810B1146-E48B-471A-AABC-7F07213CDFE7}.Debug|Any CPU.ActiveCfg = Debug|Any CPU
		{810B1146-E48B-471A-AABC-7F07213CDFE7}.Debug|Any CPU.Build.0 = Debug|Any CPU
		{810B1146-E48B-471A-AABC-7F07213CDFE7}.Release|Any CPU.ActiveCfg = Release|Any CPU
		{810B1146-E48B-471A-AABC-7F07213CDFE7}.Release|Any CPU.Build.0 = Release|Any CPU
	EndGlobalSection
	GlobalSection(SolutionProperties) = preSolution
		HideSolutionNode = FALSE
	EndGlobalSection
	GlobalSection(TeamFoundationVersionControl) = preSolution
		SccNumberOfProjects = 5
		SccEnterpriseProvider = {4CA58AB2-18FA-4F8D-95D4-32DDF27D184C}
		SccTeamFoundationServer = https://mtccloud.visualstudio.com/
		SccLocalPath0 = .
		SccProjectUniqueName1 = CardApps.UnitTest\\CardApps.prjCards.UnitTests.csproj
		SccProjectName1 = CardApps.UnitTest
		SccLocalPath1 = CardApps.UnitTest
		SccProjectUniqueName2 = CardsConsoleApp\\CardApps.ConsoleApp.csproj
		SccProjectName2 = CardsConsoleApp
		SccLocalPath2 = CardsConsoleApp
		SccProjectUniqueName3 = CardApps.Common\\CardApps.Common.csproj
		SccProjectName3 = CardApps.Common
		SccLocalPath3 = CardApps.Common
		SccProjectUniqueName4 = CardApps.WindowsApp\\CardApps.WindowsApp.csproj
		SccProjectName4 = CardApps.WindowsApp
		SccLocalPath4 = CardApps.WindowsApp
	EndGlobalSection
EndGlobal
